
Microsoft Visual Studio Solution File, Format Version 12.00
# Visual Studio Version 17
VisualStudioVersion = 17.7.34202.233
MinimumVisualStudioVersion = 10.0.40219.1
Project("{FAE04EC0-301F-11D3-BF4B-00C04F79EFBC}") = "PRACTICA 16", "PRACTICA 16\PRACTICA 16.csproj", "{AD5C47D7-473F-42A2-8997-F28D05A59530}"
EndProject
Global
	GlobalSection(SolutionConfigurationPlatforms) = preSolution
		Debug|Any CPU = Debug|Any CPU
		Release|Any CPU = Release|Any CPU
	EndGlobalSection
	GlobalSection(ProjectConfigurationPlatforms) = postSolution
		{AD5C47D7-473F-42A2-8997-F28D05A59530}.Debug|Any CPU.ActiveCfg = Debug|Any CPU
		{AD5C47D7-473F-42A2-8997-F28D05A59530}.Debug|Any CPU.Build.0 = Debug|Any CPU
		{AD5C47D7-473F-42A2-8997-F28D05A59530}.Release|Any CPU.ActiveCfg = Release|Any CPU
		{AD5C47D7-473F-42A2-8997-F28D05A59530}.Release|Any CPU.Build.0 = Release|Any CPU
	EndGlobalSection
	GlobalSection(SolutionProperties) = preSolution
		HideSolutionNode = FALSE
	EndGlobalSection
	GlobalSection(ExtensibilityGlobals) = postSolution
		SolutionGuid = {268AC52E-1435-49DC-82DC-E1A35284A2D4}
	EndGlobalSection
EndGlobal
